
Microsoft Visual Studio Solution File, Format Version 12.00
# Visual Studio 15
VisualStudioVersion = 15.0.28010.2016
MinimumVisualStudioVersion = 10.0.40219.1
Project("{FAE04EC0-301F-11D3-BF4B-00C04F79EFBC}") = "LeetCodeSolutions", "LeetCodeSolutions\LeetCodeSolutions.csproj", "{DE9C807C-FF19-4AA1-9236-D06462B36B5D}"
EndProject
Global
	GlobalSection(SolutionConfigurationPlatforms) = preSolution
		Debug|Any CPU = Debug|Any CPU
		Release|Any CPU = Release|Any CPU
	EndGlobalSection
	GlobalSection(ProjectConfigurationPlatforms) = postSolution
		{DE9C807C-FF19-4AA1-9236-D06462B36B5D}.Debug|Any CPU.ActiveCfg = Debug|Any CPU
		{DE9C807C-FF19-4AA1-9236-D06462B36B5D}.Debug|Any CPU.Build.0 = Debug|Any CPU
		{DE9C807C-FF19-4AA1-9236-D06462B36B5D}.Release|Any CPU.ActiveCfg = Release|Any CPU
		{DE9C807C-FF19-4AA1-9236-D06462B36B5D}.Release|Any CPU.Build.0 = Release|Any CPU
	EndGlobalSection
	GlobalSection(SolutionProperties) = preSolution
		HideSolutionNode = FALSE
	EndGlobalSection
	GlobalSection(ExtensibilityGlobals) = postSolution
		SolutionGuid = {9F535F72-0C01-41FF-AB7D-2198D86EDFEF}
	EndGlobalSection
EndGlobal
